// !$*UTF8*$!
{
	archiveVersion = 1;
	classes = {
	};
	objectVersion = 54;
	objects = {

/* Begin PBXBuildFile section */
		00E356F31AD99517003FC87E /* madcampweek4Tests.m in Sources */ = {isa = PBXBuildFile; fileRef = 00E356F21AD99517003FC87E /* madcampweek4Tests.m */; };
		0C4FF948AEEF45CCB4DB6F00 /* Hahmlet-Medium.ttf in Resources */ = {isa = PBXBuildFile; fileRef = 274205DF23EA4ADEAF0E120D /* Hahmlet-Medium.ttf */; };
		13B07FBC1A68108700A75B9A /* AppDelegate.m in Sources */ = {isa = PBXBuildFile; fileRef = 13B07FB01A68108700A75B9A /* AppDelegate.m */; };
		13B07FBF1A68108700A75B9A /* Images.xcassets in Resources */ = {isa = PBXBuildFile; fileRef = 13B07FB51A68108700A75B9A /* Images.xcassets */; };
		13B07FC11A68108700A75B9A /* main.m in Sources */ = {isa = PBXBuildFile; fileRef = 13B07FB71A68108700A75B9A /* main.m */; };
		23A37EAB3CDC4C90A73F35D4 /* Hahmlet-Black.ttf in Resources */ = {isa = PBXBuildFile; fileRef = 32F17E2C0A134053AD877B0D /* Hahmlet-Black.ttf */; };
		34D307845DAB41EA9759112F /* Hahmlet-VariableFont_wght.ttf in Resources */ = {isa = PBXBuildFile; fileRef = 7A3A0C93ABEA4616AEEC7504 /* Hahmlet-VariableFont_wght.ttf */; };
		41B8DC920F79480BA5505811 /* IBMPlexSansKR-Light.ttf in Resources */ = {isa = PBXBuildFile; fileRef = 68CDB8AC8D484EB2B305039D /* IBMPlexSansKR-Light.ttf */; };
		422D0081DDB9448B9E5DF295 /* GodoM.ttf in Resources */ = {isa = PBXBuildFile; fileRef = 5E52B09398BA40849AE3130F /* GodoM.ttf */; };
		46213CA6D16040C6A1E2D4FD /* Hahmlet-ExtraLight.ttf in Resources */ = {isa = PBXBuildFile; fileRef = C83B0E742CF84F17BC64816A /* Hahmlet-ExtraLight.ttf */; };
		4AC1DF6962DD4A65B96208A9 /* Hahmlet-Light.ttf in Resources */ = {isa = PBXBuildFile; fileRef = C207F6AFA2A24019AC53C656 /* Hahmlet-Light.ttf */; };
		539C44FAE6014341AB80CB54 /* IBMPlexSansKR-ExtraLight.ttf in Resources */ = {isa = PBXBuildFile; fileRef = 314931AD641E4934B7DA6475 /* IBMPlexSansKR-ExtraLight.ttf */; };
		5DCB41887905422FB80322C0 /* SedgwickAve.ttf in Resources */ = {isa = PBXBuildFile; fileRef = 34BCB0509A52463CB419CA0B /* SedgwickAve.ttf */; };
		5EF4A48A6E4544A1B2644D7B /* IBMPlexSansKR-Medium.ttf in Resources */ = {isa = PBXBuildFile; fileRef = F03A5267E23846638C9B378A /* IBMPlexSansKR-Medium.ttf */; };
		60347438875B4534B9E62806 /* IBMPlexSansKR-Thin.ttf in Resources */ = {isa = PBXBuildFile; fileRef = 67AEA8935DB54C92A6F980C2 /* IBMPlexSansKR-Thin.ttf */; };
		6172F2D35A4C3AA820D92908 /* libPods-madcampweek4.a in Frameworks */ = {isa = PBXBuildFile; fileRef = 6423831EA8574132BED9D8CC /* libPods-madcampweek4.a */; };
		7EF68E3733C33B6898317E18 /* libPods-madcampweek4-madcampweek4Tests.a in Frameworks */ = {isa = PBXBuildFile; fileRef = ABFE59519B596E51CEFDCCC0 /* libPods-madcampweek4-madcampweek4Tests.a */; };
		81AB9BB82411601600AC10FF /* LaunchScreen.storyboard in Resources */ = {isa = PBXBuildFile; fileRef = 81AB9BB72411601600AC10FF /* LaunchScreen.storyboard */; };
		8C85879AB126415A823B1BB0 /* Hahmlet-SemiBold.ttf in Resources */ = {isa = PBXBuildFile; fileRef = 7E36333417E546A89BD97A6B /* Hahmlet-SemiBold.ttf */; };
		AD7571C4EE164BE39BA56F82 /* Hahmlet-Regular.ttf in Resources */ = {isa = PBXBuildFile; fileRef = D4AFFCF82F214403BF354F25 /* Hahmlet-Regular.ttf */; };
		B3287A45387A424AB39AD020 /* Hahmlet-ExtraBold.ttf in Resources */ = {isa = PBXBuildFile; fileRef = 751954B600D24510A8F68BAA /* Hahmlet-ExtraBold.ttf */; };
		B859CE64BFE24F388E9E8EFF /* IBMPlexSansKR-SemiBold.ttf in Resources */ = {isa = PBXBuildFile; fileRef = 3A2E1AE3F6AC4BE5880602E3 /* IBMPlexSansKR-SemiBold.ttf */; };
		B8EDABACFD1942F0B4A065D6 /* Lobster.ttf in Resources */ = {isa = PBXBuildFile; fileRef = 3EC465E8271F4040B71C118F /* Lobster.ttf */; };
		BE9ADBCEBA7742B3B1E9EB74 /* Hahmlet-Bold.ttf in Resources */ = {isa = PBXBuildFile; fileRef = 3D5B0F7BEB414914A5429E6E /* Hahmlet-Bold.ttf */; };
		CCCB9016FAA2458593170F83 /* IBMPlexSansKR-Regular.ttf in Resources */ = {isa = PBXBuildFile; fileRef = 9386BEB535F7465793B7D752 /* IBMPlexSansKR-Regular.ttf */; };
		D928CBA3FA144692955E3CF8 /* IBMPlexSansKR-Bold.ttf in Resources */ = {isa = PBXBuildFile; fileRef = E5AABE53A6B14629A0483E3C /* IBMPlexSansKR-Bold.ttf */; };
		E015504A63A0482CB7202B1B /* dokdo.ttf in Resources */ = {isa = PBXBuildFile; fileRef = B134F85F503E4205A4967018 /* dokdo.ttf */; };
		EBD5814B1BC84F4CAC8792FE /* Hahmlet-Thin.ttf in Resources */ = {isa = PBXBuildFile; fileRef = 22D0105460914CB9BC3C9479 /* Hahmlet-Thin.ttf */; };
/* End PBXBuildFile section */

/* Begin PBXContainerItemProxy section */
		00E356F41AD99517003FC87E /* PBXContainerItemProxy */ = {
			isa = PBXContainerItemProxy;
			containerPortal = 83CBB9F71A601CBA00E9B192 /* Project object */;
			proxyType = 1;
			remoteGlobalIDString = 13B07F861A680F5B00A75B9A;
			remoteInfo = madcampweek4;
		};
/* End PBXContainerItemProxy section */

/* Begin PBXFileReference section */
		00E356EE1AD99517003FC87E /* madcampweek4Tests.xctest */ = {isa = PBXFileReference; explicitFileType = wrapper.cfbundle; includeInIndex = 0; path = madcampweek4Tests.xctest; sourceTree = BUILT_PRODUCTS_DIR; };
		00E356F11AD99517003FC87E /* Info.plist */ = {isa = PBXFileReference; lastKnownFileType = text.plist.xml; path = Info.plist; sourceTree = "<group>"; };
		00E356F21AD99517003FC87E /* madcampweek4Tests.m */ = {isa = PBXFileReference; lastKnownFileType = sourcecode.c.objc; path = madcampweek4Tests.m; sourceTree = "<group>"; };
		13B07F961A680F5B00A75B9A /* madcampweek4.app */ = {isa = PBXFileReference; explicitFileType = wrapper.application; includeInIndex = 0; path = madcampweek4.app; sourceTree = BUILT_PRODUCTS_DIR; };
		13B07FAF1A68108700A75B9A /* AppDelegate.h */ = {isa = PBXFileReference; fileEncoding = 4; lastKnownFileType = sourcecode.c.h; name = AppDelegate.h; path = madcampweek4/AppDelegate.h; sourceTree = "<group>"; };
		13B07FB01A68108700A75B9A /* AppDelegate.m */ = {isa = PBXFileReference; fileEncoding = 4; lastKnownFileType = sourcecode.c.objc; name = AppDelegate.m; path = madcampweek4/AppDelegate.m; sourceTree = "<group>"; };
		13B07FB51A68108700A75B9A /* Images.xcassets */ = {isa = PBXFileReference; lastKnownFileType = folder.assetcatalog; name = Images.xcassets; path = madcampweek4/Images.xcassets; sourceTree = "<group>"; };
		13B07FB61A68108700A75B9A /* Info.plist */ = {isa = PBXFileReference; fileEncoding = 4; lastKnownFileType = text.plist.xml; name = Info.plist; path = madcampweek4/Info.plist; sourceTree = "<group>"; };
		13B07FB71A68108700A75B9A /* main.m */ = {isa = PBXFileReference; fileEncoding = 4; lastKnownFileType = sourcecode.c.objc; name = main.m; path = madcampweek4/main.m; sourceTree = "<group>"; };
		1938EF165A6E4909A3966513 /* GodoM.otf */ = {isa = PBXFileReference; explicitFileType = undefined; fileEncoding = 9; includeInIndex = 0; lastKnownFileType = unknown; name = GodoM.otf; path = ../font/godoFont/godoFont/GodoM.otf; sourceTree = "<group>"; };
		1D0AE47A65C8663E3B452821 /* Pods-madcampweek4-madcampweek4Tests.release.xcconfig */ = {isa = PBXFileReference; includeInIndex = 1; lastKnownFileType = text.xcconfig; name = "Pods-madcampweek4-madcampweek4Tests.release.xcconfig"; path = "Target Support Files/Pods-madcampweek4-madcampweek4Tests/Pods-madcampweek4-madcampweek4Tests.release.xcconfig"; sourceTree = "<group>"; };
		22D0105460914CB9BC3C9479 /* Hahmlet-Thin.ttf */ = {isa = PBXFileReference; explicitFileType = undefined; fileEncoding = 9; includeInIndex = 0; lastKnownFileType = unknown; name = "Hahmlet-Thin.ttf"; path = "../font/Hahmlet/static/Hahmlet-Thin.ttf"; sourceTree = "<group>"; };
		274205DF23EA4ADEAF0E120D /* Hahmlet-Medium.ttf */ = {isa = PBXFileReference; explicitFileType = undefined; fileEncoding = 9; includeInIndex = 0; lastKnownFileType = unknown; name = "Hahmlet-Medium.ttf"; path = "../font/Hahmlet/static/Hahmlet-Medium.ttf"; sourceTree = "<group>"; };
		314931AD641E4934B7DA6475 /* IBMPlexSansKR-ExtraLight.ttf */ = {isa = PBXFileReference; explicitFileType = undefined; fileEncoding = 9; includeInIndex = 0; lastKnownFileType = unknown; name = "IBMPlexSansKR-ExtraLight.ttf"; path = "../font/IBM_Plex_Sans_KR/IBMPlexSansKR-ExtraLight.ttf"; sourceTree = "<group>"; };
		32F17E2C0A134053AD877B0D /* Hahmlet-Black.ttf */ = {isa = PBXFileReference; explicitFileType = undefined; fileEncoding = 9; includeInIndex = 0; lastKnownFileType = unknown; name = "Hahmlet-Black.ttf"; path = "../font/Hahmlet/static/Hahmlet-Black.ttf"; sourceTree = "<group>"; };
		34BCB0509A52463CB419CA0B /* SedgwickAve.ttf */ = {isa = PBXFileReference; explicitFileType = undefined; fileEncoding = 9; includeInIndex = 0; lastKnownFileType = unknown; name = SedgwickAve.ttf; path = ../font/SedgwickAve.ttf; sourceTree = "<group>"; };
		36C8E3D1A5274A7ABAC576E9 /* GodoB.ttf */ = {isa = PBXFileReference; explicitFileType = undefined; fileEncoding = 9; includeInIndex = 0; lastKnownFileType = unknown; name = GodoB.ttf; path = ../font/godoFont/godoFont/GodoB.ttf; sourceTree = "<group>"; };
		3A2E1AE3F6AC4BE5880602E3 /* IBMPlexSansKR-SemiBold.ttf */ = {isa = PBXFileReference; explicitFileType = undefined; fileEncoding = 9; includeInIndex = 0; lastKnownFileType = unknown; name = "IBMPlexSansKR-SemiBold.ttf"; path = "../font/IBM_Plex_Sans_KR/IBMPlexSansKR-SemiBold.ttf"; sourceTree = "<group>"; };
		3D5B0F7BEB414914A5429E6E /* Hahmlet-Bold.ttf */ = {isa = PBXFileReference; explicitFileType = undefined; fileEncoding = 9; includeInIndex = 0; lastKnownFileType = unknown; name = "Hahmlet-Bold.ttf"; path = "../font/Hahmlet/static/Hahmlet-Bold.ttf"; sourceTree = "<group>"; };
		3EC465E8271F4040B71C118F /* Lobster.ttf */ = {isa = PBXFileReference; explicitFileType = undefined; fileEncoding = 9; includeInIndex = 0; lastKnownFileType = unknown; name = Lobster.ttf; path = ../font/Lobster.ttf; sourceTree = "<group>"; };
		42E3CDE165444F60BC84CC4E /* GodoB.otf */ = {isa = PBXFileReference; explicitFileType = undefined; fileEncoding = 9; includeInIndex = 0; lastKnownFileType = unknown; name = GodoB.otf; path = ../font/godoFont/godoFont/GodoB.otf; sourceTree = "<group>"; };
		5E52B09398BA40849AE3130F /* GodoM.ttf */ = {isa = PBXFileReference; explicitFileType = undefined; fileEncoding = 9; includeInIndex = 0; lastKnownFileType = unknown; name = GodoM.ttf; path = ../font/GodoM.ttf; sourceTree = "<group>"; };
		6423831EA8574132BED9D8CC /* libPods-madcampweek4.a */ = {isa = PBXFileReference; explicitFileType = archive.ar; includeInIndex = 0; path = "libPods-madcampweek4.a"; sourceTree = BUILT_PRODUCTS_DIR; };
		67AEA8935DB54C92A6F980C2 /* IBMPlexSansKR-Thin.ttf */ = {isa = PBXFileReference; explicitFileType = undefined; fileEncoding = 9; includeInIndex = 0; lastKnownFileType = unknown; name = "IBMPlexSansKR-Thin.ttf"; path = "../font/IBM_Plex_Sans_KR/IBMPlexSansKR-Thin.ttf"; sourceTree = "<group>"; };
		68CDB8AC8D484EB2B305039D /* IBMPlexSansKR-Light.ttf */ = {isa = PBXFileReference; explicitFileType = undefined; fileEncoding = 9; includeInIndex = 0; lastKnownFileType = unknown; name = "IBMPlexSansKR-Light.ttf"; path = "../font/IBM_Plex_Sans_KR/IBMPlexSansKR-Light.ttf"; sourceTree = "<group>"; };
		6C97AB639B58BBB4B15BBE30 /* Pods-madcampweek4-madcampweek4Tests.debug.xcconfig */ = {isa = PBXFileReference; includeInIndex = 1; lastKnownFileType = text.xcconfig; name = "Pods-madcampweek4-madcampweek4Tests.debug.xcconfig"; path = "Target Support Files/Pods-madcampweek4-madcampweek4Tests/Pods-madcampweek4-madcampweek4Tests.debug.xcconfig"; sourceTree = "<group>"; };
		751954B600D24510A8F68BAA /* Hahmlet-ExtraBold.ttf */ = {isa = PBXFileReference; explicitFileType = undefined; fileEncoding = 9; includeInIndex = 0; lastKnownFileType = unknown; name = "Hahmlet-ExtraBold.ttf"; path = "../font/Hahmlet/static/Hahmlet-ExtraBold.ttf"; sourceTree = "<group>"; };
		7A3A0C93ABEA4616AEEC7504 /* Hahmlet-VariableFont_wght.ttf */ = {isa = PBXFileReference; explicitFileType = undefined; fileEncoding = 9; includeInIndex = 0; lastKnownFileType = unknown; name = "Hahmlet-VariableFont_wght.ttf"; path = "../font/Hahmlet/Hahmlet-VariableFont_wght.ttf"; sourceTree = "<group>"; };
		7E36333417E546A89BD97A6B /* Hahmlet-SemiBold.ttf */ = {isa = PBXFileReference; explicitFileType = undefined; fileEncoding = 9; includeInIndex = 0; lastKnownFileType = unknown; name = "Hahmlet-SemiBold.ttf"; path = "../font/Hahmlet/static/Hahmlet-SemiBold.ttf"; sourceTree = "<group>"; };
		81AB9BB72411601600AC10FF /* LaunchScreen.storyboard */ = {isa = PBXFileReference; fileEncoding = 4; lastKnownFileType = file.storyboard; name = LaunchScreen.storyboard; path = madcampweek4/LaunchScreen.storyboard; sourceTree = "<group>"; };
		9386BEB535F7465793B7D752 /* IBMPlexSansKR-Regular.ttf */ = {isa = PBXFileReference; explicitFileType = undefined; fileEncoding = 9; includeInIndex = 0; lastKnownFileType = unknown; name = "IBMPlexSansKR-Regular.ttf"; path = "../font/IBM_Plex_Sans_KR/IBMPlexSansKR-Regular.ttf"; sourceTree = "<group>"; };
		ABFE59519B596E51CEFDCCC0 /* libPods-madcampweek4-madcampweek4Tests.a */ = {isa = PBXFileReference; explicitFileType = archive.ar; includeInIndex = 0; path = "libPods-madcampweek4-madcampweek4Tests.a"; sourceTree = BUILT_PRODUCTS_DIR; };
		B134F85F503E4205A4967018 /* dokdo.ttf */ = {isa = PBXFileReference; explicitFileType = undefined; fileEncoding = 9; includeInIndex = 0; lastKnownFileType = unknown; name = dokdo.ttf; path = ../font/dokdo.ttf; sourceTree = "<group>"; };
		C0A881CF5CF3F2B244570E2A /* Pods-madcampweek4.debug.xcconfig */ = {isa = PBXFileReference; includeInIndex = 1; lastKnownFileType = text.xcconfig; name = "Pods-madcampweek4.debug.xcconfig"; path = "Target Support Files/Pods-madcampweek4/Pods-madcampweek4.debug.xcconfig"; sourceTree = "<group>"; };
		C207F6AFA2A24019AC53C656 /* Hahmlet-Light.ttf */ = {isa = PBXFileReference; explicitFileType = undefined; fileEncoding = 9; includeInIndex = 0; lastKnownFileType = unknown; name = "Hahmlet-Light.ttf"; path = "../font/Hahmlet/static/Hahmlet-Light.ttf"; sourceTree = "<group>"; };
		C83B0E742CF84F17BC64816A /* Hahmlet-ExtraLight.ttf */ = {isa = PBXFileReference; explicitFileType = undefined; fileEncoding = 9; includeInIndex = 0; lastKnownFileType = unknown; name = "Hahmlet-ExtraLight.ttf"; path = "../font/Hahmlet/static/Hahmlet-ExtraLight.ttf"; sourceTree = "<group>"; };
		D00AAFFCFCFDA5787532823F /* Pods-madcampweek4.release.xcconfig */ = {isa = PBXFileReference; includeInIndex = 1; lastKnownFileType = text.xcconfig; name = "Pods-madcampweek4.release.xcconfig"; path = "Target Support Files/Pods-madcampweek4/Pods-madcampweek4.release.xcconfig"; sourceTree = "<group>"; };
		D4AFFCF82F214403BF354F25 /* Hahmlet-Regular.ttf */ = {isa = PBXFileReference; explicitFileType = undefined; fileEncoding = 9; includeInIndex = 0; lastKnownFileType = unknown; name = "Hahmlet-Regular.ttf"; path = "../font/Hahmlet/static/Hahmlet-Regular.ttf"; sourceTree = "<group>"; };
		E5AABE53A6B14629A0483E3C /* IBMPlexSansKR-Bold.ttf */ = {isa = PBXFileReference; explicitFileType = undefined; fileEncoding = 9; includeInIndex = 0; lastKnownFileType = unknown; name = "IBMPlexSansKR-Bold.ttf"; path = "../font/IBM_Plex_Sans_KR/IBMPlexSansKR-Bold.ttf"; sourceTree = "<group>"; };
		ED297162215061F000B7C4FE /* JavaScriptCore.framework */ = {isa = PBXFileReference; lastKnownFileType = wrapper.framework; name = JavaScriptCore.framework; path = System/Library/Frameworks/JavaScriptCore.framework; sourceTree = SDKROOT; };
		F03A5267E23846638C9B378A /* IBMPlexSansKR-Medium.ttf */ = {isa = PBXFileReference; explicitFileType = undefined; fileEncoding = 9; includeInIndex = 0; lastKnownFileType = unknown; name = "IBMPlexSansKR-Medium.ttf"; path = "../font/IBM_Plex_Sans_KR/IBMPlexSansKR-Medium.ttf"; sourceTree = "<group>"; };
/* End PBXFileReference section */

/* Begin PBXFrameworksBuildPhase section */
		00E356EB1AD99517003FC87E /* Frameworks */ = {
			isa = PBXFrameworksBuildPhase;
			buildActionMask = 2147483647;
			files = (
				7EF68E3733C33B6898317E18 /* libPods-madcampweek4-madcampweek4Tests.a in Frameworks */,
			);
			runOnlyForDeploymentPostprocessing = 0;
		};
		13B07F8C1A680F5B00A75B9A /* Frameworks */ = {
			isa = PBXFrameworksBuildPhase;
			buildActionMask = 2147483647;
			files = (
				6172F2D35A4C3AA820D92908 /* libPods-madcampweek4.a in Frameworks */,
			);
			runOnlyForDeploymentPostprocessing = 0;
		};
/* End PBXFrameworksBuildPhase section */

/* Begin PBXGroup section */
		00E356EF1AD99517003FC87E /* madcampweek4Tests */ = {
			isa = PBXGroup;
			children = (
				00E356F21AD99517003FC87E /* madcampweek4Tests.m */,
				00E356F01AD99517003FC87E /* Supporting Files */,
			);
			path = madcampweek4Tests;
			sourceTree = "<group>";
		};
		00E356F01AD99517003FC87E /* Supporting Files */ = {
			isa = PBXGroup;
			children = (
				00E356F11AD99517003FC87E /* Info.plist */,
			);
			name = "Supporting Files";
			sourceTree = "<group>";
		};
		13B07FAE1A68108700A75B9A /* madcampweek4 */ = {
			isa = PBXGroup;
			children = (
				13B07FAF1A68108700A75B9A /* AppDelegate.h */,
				13B07FB01A68108700A75B9A /* AppDelegate.m */,
				13B07FB51A68108700A75B9A /* Images.xcassets */,
				13B07FB61A68108700A75B9A /* Info.plist */,
				81AB9BB72411601600AC10FF /* LaunchScreen.storyboard */,
				13B07FB71A68108700A75B9A /* main.m */,
			);
			name = madcampweek4;
			sourceTree = "<group>";
		};
		2D16E6871FA4F8E400B85C8A /* Frameworks */ = {
			isa = PBXGroup;
			children = (
				ED297162215061F000B7C4FE /* JavaScriptCore.framework */,
				6423831EA8574132BED9D8CC /* libPods-madcampweek4.a */,
				ABFE59519B596E51CEFDCCC0 /* libPods-madcampweek4-madcampweek4Tests.a */,
			);
			name = Frameworks;
			sourceTree = "<group>";
		};
		832341AE1AAA6A7D00B99B32 /* Libraries */ = {
			isa = PBXGroup;
			children = (
			);
			name = Libraries;
			sourceTree = "<group>";
		};
		83CBB9F61A601CBA00E9B192 = {
			isa = PBXGroup;
			children = (
				13B07FAE1A68108700A75B9A /* madcampweek4 */,
				832341AE1AAA6A7D00B99B32 /* Libraries */,
				00E356EF1AD99517003FC87E /* madcampweek4Tests */,
				83CBBA001A601CBA00E9B192 /* Products */,
				2D16E6871FA4F8E400B85C8A /* Frameworks */,
				E233CBF5F47BEE60B243DCF8 /* Pods */,
				A228037870024BF9A4585EAA /* Resources */,
			);
			indentWidth = 2;
			sourceTree = "<group>";
			tabWidth = 2;
			usesTabs = 0;
		};
		83CBBA001A601CBA00E9B192 /* Products */ = {
			isa = PBXGroup;
			children = (
				13B07F961A680F5B00A75B9A /* madcampweek4.app */,
				00E356EE1AD99517003FC87E /* madcampweek4Tests.xctest */,
			);
			name = Products;
			sourceTree = "<group>";
		};
		A228037870024BF9A4585EAA /* Resources */ = {
			isa = PBXGroup;
			children = (
				42E3CDE165444F60BC84CC4E /* GodoB.otf */,
				36C8E3D1A5274A7ABAC576E9 /* GodoB.ttf */,
				1938EF165A6E4909A3966513 /* GodoM.otf */,
				5E52B09398BA40849AE3130F /* GodoM.ttf */,
				B134F85F503E4205A4967018 /* dokdo.ttf */,
				7A3A0C93ABEA4616AEEC7504 /* Hahmlet-VariableFont_wght.ttf */,
				32F17E2C0A134053AD877B0D /* Hahmlet-Black.ttf */,
				3D5B0F7BEB414914A5429E6E /* Hahmlet-Bold.ttf */,
				751954B600D24510A8F68BAA /* Hahmlet-ExtraBold.ttf */,
				C83B0E742CF84F17BC64816A /* Hahmlet-ExtraLight.ttf */,
				C207F6AFA2A24019AC53C656 /* Hahmlet-Light.ttf */,
				274205DF23EA4ADEAF0E120D /* Hahmlet-Medium.ttf */,
				D4AFFCF82F214403BF354F25 /* Hahmlet-Regular.ttf */,
				7E36333417E546A89BD97A6B /* Hahmlet-SemiBold.ttf */,
				22D0105460914CB9BC3C9479 /* Hahmlet-Thin.ttf */,
				E5AABE53A6B14629A0483E3C /* IBMPlexSansKR-Bold.ttf */,
				314931AD641E4934B7DA6475 /* IBMPlexSansKR-ExtraLight.ttf */,
				68CDB8AC8D484EB2B305039D /* IBMPlexSansKR-Light.ttf */,
				F03A5267E23846638C9B378A /* IBMPlexSansKR-Medium.ttf */,
				9386BEB535F7465793B7D752 /* IBMPlexSansKR-Regular.ttf */,
				3A2E1AE3F6AC4BE5880602E3 /* IBMPlexSansKR-SemiBold.ttf */,
				67AEA8935DB54C92A6F980C2 /* IBMPlexSansKR-Thin.ttf */,
				3EC465E8271F4040B71C118F /* Lobster.ttf */,
				34BCB0509A52463CB419CA0B /* SedgwickAve.ttf */,
			);
			name = Resources;
			sourceTree = "<group>";
		};
		E233CBF5F47BEE60B243DCF8 /* Pods */ = {
			isa = PBXGroup;
			children = (
				C0A881CF5CF3F2B244570E2A /* Pods-madcampweek4.debug.xcconfig */,
				D00AAFFCFCFDA5787532823F /* Pods-madcampweek4.release.xcconfig */,
				6C97AB639B58BBB4B15BBE30 /* Pods-madcampweek4-madcampweek4Tests.debug.xcconfig */,
				1D0AE47A65C8663E3B452821 /* Pods-madcampweek4-madcampweek4Tests.release.xcconfig */,
			);
			path = Pods;
			sourceTree = "<group>";
		};
/* End PBXGroup section */

/* Begin PBXNativeTarget section */
		00E356ED1AD99517003FC87E /* madcampweek4Tests */ = {
			isa = PBXNativeTarget;
			buildConfigurationList = 00E357021AD99517003FC87E /* Build configuration list for PBXNativeTarget "madcampweek4Tests" */;
			buildPhases = (
				A130D646172E58E1D159D8F2 /* [CP] Check Pods Manifest.lock */,
				00E356EA1AD99517003FC87E /* Sources */,
				00E356EB1AD99517003FC87E /* Frameworks */,
				00E356EC1AD99517003FC87E /* Resources */,
				077E01280D4B4AD18B2E1770 /* [CP] Embed Pods Frameworks */,
				4E62BDF20514810D028A5FBF /* [CP] Copy Pods Resources */,
			);
			buildRules = (
			);
			dependencies = (
				00E356F51AD99517003FC87E /* PBXTargetDependency */,
			);
			name = madcampweek4Tests;
			productName = madcampweek4Tests;
			productReference = 00E356EE1AD99517003FC87E /* madcampweek4Tests.xctest */;
			productType = "com.apple.product-type.bundle.unit-test";
		};
		13B07F861A680F5B00A75B9A /* madcampweek4 */ = {
			isa = PBXNativeTarget;
			buildConfigurationList = 13B07F931A680F5B00A75B9A /* Build configuration list for PBXNativeTarget "madcampweek4" */;
			buildPhases = (
				3E482C27206C4DEF2FE45063 /* [CP] Check Pods Manifest.lock */,
				FD10A7F022414F080027D42C /* Start Packager */,
				13B07F871A680F5B00A75B9A /* Sources */,
				13B07F8C1A680F5B00A75B9A /* Frameworks */,
				13B07F8E1A680F5B00A75B9A /* Resources */,
				00DD1BFF1BD5951E006B06BC /* Bundle React Native code and images */,
				C8AC78B0264D0F9F6F6D630E /* [CP] Embed Pods Frameworks */,
				ADC9DDC32298B72B3CF5DC8E /* [CP] Copy Pods Resources */,
			);
			buildRules = (
			);
			dependencies = (
			);
			name = madcampweek4;
			productName = madcampweek4;
			productReference = 13B07F961A680F5B00A75B9A /* madcampweek4.app */;
			productType = "com.apple.product-type.application";
		};
/* End PBXNativeTarget section */

/* Begin PBXProject section */
		83CBB9F71A601CBA00E9B192 /* Project object */ = {
			isa = PBXProject;
			attributes = {
				LastUpgradeCheck = 1210;
				TargetAttributes = {
					00E356ED1AD99517003FC87E = {
						CreatedOnToolsVersion = 6.2;
						TestTargetID = 13B07F861A680F5B00A75B9A;
					};
					13B07F861A680F5B00A75B9A = {
						LastSwiftMigration = 1120;
					};
				};
			};
			buildConfigurationList = 83CBB9FA1A601CBA00E9B192 /* Build configuration list for PBXProject "madcampweek4" */;
			compatibilityVersion = "Xcode 12.0";
			developmentRegion = en;
			hasScannedForEncodings = 0;
			knownRegions = (
				en,
				Base,
			);
			mainGroup = 83CBB9F61A601CBA00E9B192;
			productRefGroup = 83CBBA001A601CBA00E9B192 /* Products */;
			projectDirPath = "";
			projectRoot = "";
			targets = (
				13B07F861A680F5B00A75B9A /* madcampweek4 */,
				00E356ED1AD99517003FC87E /* madcampweek4Tests */,
			);
		};
/* End PBXProject section */

/* Begin PBXResourcesBuildPhase section */
		00E356EC1AD99517003FC87E /* Resources */ = {
			isa = PBXResourcesBuildPhase;
			buildActionMask = 2147483647;
			files = (
			);
			runOnlyForDeploymentPostprocessing = 0;
		};
		13B07F8E1A680F5B00A75B9A /* Resources */ = {
			isa = PBXResourcesBuildPhase;
			buildActionMask = 2147483647;
			files = (
				81AB9BB82411601600AC10FF /* LaunchScreen.storyboard in Resources */,
				13B07FBF1A68108700A75B9A /* Images.xcassets in Resources */,
				422D0081DDB9448B9E5DF295 /* GodoM.ttf in Resources */,
				E015504A63A0482CB7202B1B /* dokdo.ttf in Resources */,
				34D307845DAB41EA9759112F /* Hahmlet-VariableFont_wght.ttf in Resources */,
				23A37EAB3CDC4C90A73F35D4 /* Hahmlet-Black.ttf in Resources */,
				BE9ADBCEBA7742B3B1E9EB74 /* Hahmlet-Bold.ttf in Resources */,
				B3287A45387A424AB39AD020 /* Hahmlet-ExtraBold.ttf in Resources */,
				46213CA6D16040C6A1E2D4FD /* Hahmlet-ExtraLight.ttf in Resources */,
				4AC1DF6962DD4A65B96208A9 /* Hahmlet-Light.ttf in Resources */,
				0C4FF948AEEF45CCB4DB6F00 /* Hahmlet-Medium.ttf in Resources */,
				AD7571C4EE164BE39BA56F82 /* Hahmlet-Regular.ttf in Resources */,
				8C85879AB126415A823B1BB0 /* Hahmlet-SemiBold.ttf in Resources */,
				EBD5814B1BC84F4CAC8792FE /* Hahmlet-Thin.ttf in Resources */,
				D928CBA3FA144692955E3CF8 /* IBMPlexSansKR-Bold.ttf in Resources */,
				539C44FAE6014341AB80CB54 /* IBMPlexSansKR-ExtraLight.ttf in Resources */,
				41B8DC920F79480BA5505811 /* IBMPlexSansKR-Light.ttf in Resources */,
				5EF4A48A6E4544A1B2644D7B /* IBMPlexSansKR-Medium.ttf in Resources */,
				CCCB9016FAA2458593170F83 /* IBMPlexSansKR-Regular.ttf in Resources */,
				B859CE64BFE24F388E9E8EFF /* IBMPlexSansKR-SemiBold.ttf in Resources */,
				60347438875B4534B9E62806 /* IBMPlexSansKR-Thin.ttf in Resources */,
				B8EDABACFD1942F0B4A065D6 /* Lobster.ttf in Resources */,
				5DCB41887905422FB80322C0 /* SedgwickAve.ttf in Resources */,
			);
			runOnlyForDeploymentPostprocessing = 0;
		};
/* End PBXResourcesBuildPhase section */

/* Begin PBXShellScriptBuildPhase section */
		00DD1BFF1BD5951E006B06BC /* Bundle React Native code and images */ = {
			isa = PBXShellScriptBuildPhase;
			buildActionMask = 2147483647;
			files = (
			);
			inputPaths = (
			);
			name = "Bundle React Native code and images";
			outputPaths = (
			);
			runOnlyForDeploymentPostprocessing = 0;
			shellPath = /bin/sh;
			shellScript = "set -e\n\nexport NODE_BINARY=node\n../node_modules/react-native/scripts/react-native-xcode.sh\n";
		};
		077E01280D4B4AD18B2E1770 /* [CP] Embed Pods Frameworks */ = {
			isa = PBXShellScriptBuildPhase;
			buildActionMask = 2147483647;
			files = (
			);
			inputFileListPaths = (
				"${PODS_ROOT}/Target Support Files/Pods-madcampweek4-madcampweek4Tests/Pods-madcampweek4-madcampweek4Tests-frameworks-${CONFIGURATION}-input-files.xcfilelist",
			);
			name = "[CP] Embed Pods Frameworks";
			outputFileListPaths = (
				"${PODS_ROOT}/Target Support Files/Pods-madcampweek4-madcampweek4Tests/Pods-madcampweek4-madcampweek4Tests-frameworks-${CONFIGURATION}-output-files.xcfilelist",
			);
			runOnlyForDeploymentPostprocessing = 0;
			shellPath = /bin/sh;
			shellScript = "\"${PODS_ROOT}/Target Support Files/Pods-madcampweek4-madcampweek4Tests/Pods-madcampweek4-madcampweek4Tests-frameworks.sh\"\n";
			showEnvVarsInLog = 0;
		};
		3E482C27206C4DEF2FE45063 /* [CP] Check Pods Manifest.lock */ = {
			isa = PBXShellScriptBuildPhase;
			buildActionMask = 2147483647;
			files = (
			);
			inputFileListPaths = (
			);
			inputPaths = (
				"${PODS_PODFILE_DIR_PATH}/Podfile.lock",
				"${PODS_ROOT}/Manifest.lock",
			);
			name = "[CP] Check Pods Manifest.lock";
			outputFileListPaths = (
			);
			outputPaths = (
				"$(DERIVED_FILE_DIR)/Pods-madcampweek4-checkManifestLockResult.txt",
			);
			runOnlyForDeploymentPostprocessing = 0;
			shellPath = /bin/sh;
			shellScript = "diff \"${PODS_PODFILE_DIR_PATH}/Podfile.lock\" \"${PODS_ROOT}/Manifest.lock\" > /dev/null\nif [ $? != 0 ] ; then\n    # print error to STDERR\n    echo \"error: The sandbox is not in sync with the Podfile.lock. Run 'pod install' or update your CocoaPods installation.\" >&2\n    exit 1\nfi\n# This output is used by Xcode 'outputs' to avoid re-running this script phase.\necho \"SUCCESS\" > \"${SCRIPT_OUTPUT_FILE_0}\"\n";
			showEnvVarsInLog = 0;
		};
		4E62BDF20514810D028A5FBF /* [CP] Copy Pods Resources */ = {
			isa = PBXShellScriptBuildPhase;
			buildActionMask = 2147483647;
			files = (
			);
			inputFileListPaths = (
				"${PODS_ROOT}/Target Support Files/Pods-madcampweek4-madcampweek4Tests/Pods-madcampweek4-madcampweek4Tests-resources-${CONFIGURATION}-input-files.xcfilelist",
			);
			name = "[CP] Copy Pods Resources";
			outputFileListPaths = (
				"${PODS_ROOT}/Target Support Files/Pods-madcampweek4-madcampweek4Tests/Pods-madcampweek4-madcampweek4Tests-resources-${CONFIGURATION}-output-files.xcfilelist",
			);
			runOnlyForDeploymentPostprocessing = 0;
			shellPath = /bin/sh;
			shellScript = "\"${PODS_ROOT}/Target Support Files/Pods-madcampweek4-madcampweek4Tests/Pods-madcampweek4-madcampweek4Tests-resources.sh\"\n";
			showEnvVarsInLog = 0;
		};
		A130D646172E58E1D159D8F2 /* [CP] Check Pods Manifest.lock */ = {
			isa = PBXShellScriptBuildPhase;
			buildActionMask = 2147483647;
			files = (
			);
			inputFileListPaths = (
			);
			inputPaths = (
				"${PODS_PODFILE_DIR_PATH}/Podfile.lock",
				"${PODS_ROOT}/Manifest.lock",
			);
			name = "[CP] Check Pods Manifest.lock";
			outputFileListPaths = (
			);
			outputPaths = (
				"$(DERIVED_FILE_DIR)/Pods-madcampweek4-madcampweek4Tests-checkManifestLockResult.txt",
			);
			runOnlyForDeploymentPostprocessing = 0;
			shellPath = /bin/sh;
			shellScript = "diff \"${PODS_PODFILE_DIR_PATH}/Podfile.lock\" \"${PODS_ROOT}/Manifest.lock\" > /dev/null\nif [ $? != 0 ] ; then\n    # print error to STDERR\n    echo \"error: The sandbox is not in sync with the Podfile.lock. Run 'pod install' or update your CocoaPods installation.\" >&2\n    exit 1\nfi\n# This output is used by Xcode 'outputs' to avoid re-running this script phase.\necho \"SUCCESS\" > \"${SCRIPT_OUTPUT_FILE_0}\"\n";
			showEnvVarsInLog = 0;
		};
		ADC9DDC32298B72B3CF5DC8E /* [CP] Copy Pods Resources */ = {
			isa = PBXShellScriptBuildPhase;
			buildActionMask = 2147483647;
			files = (
			);
			inputFileListPaths = (
				"${PODS_ROOT}/Target Support Files/Pods-madcampweek4/Pods-madcampweek4-resources-${CONFIGURATION}-input-files.xcfilelist",
			);
			name = "[CP] Copy Pods Resources";
			outputFileListPaths = (
				"${PODS_ROOT}/Target Support Files/Pods-madcampweek4/Pods-madcampweek4-resources-${CONFIGURATION}-output-files.xcfilelist",
			);
			runOnlyForDeploymentPostprocessing = 0;
			shellPath = /bin/sh;
			shellScript = "\"${PODS_ROOT}/Target Support Files/Pods-madcampweek4/Pods-madcampweek4-resources.sh\"\n";
			showEnvVarsInLog = 0;
		};
		C8AC78B0264D0F9F6F6D630E /* [CP] Embed Pods Frameworks */ = {
			isa = PBXShellScriptBuildPhase;
			buildActionMask = 2147483647;
			files = (
			);
			inputFileListPaths = (
				"${PODS_ROOT}/Target Support Files/Pods-madcampweek4/Pods-madcampweek4-frameworks-${CONFIGURATION}-input-files.xcfilelist",
			);
			name = "[CP] Embed Pods Frameworks";
			outputFileListPaths = (
				"${PODS_ROOT}/Target Support Files/Pods-madcampweek4/Pods-madcampweek4-frameworks-${CONFIGURATION}-output-files.xcfilelist",
			);
			runOnlyForDeploymentPostprocessing = 0;
			shellPath = /bin/sh;
			shellScript = "\"${PODS_ROOT}/Target Support Files/Pods-madcampweek4/Pods-madcampweek4-frameworks.sh\"\n";
			showEnvVarsInLog = 0;
		};
		FD10A7F022414F080027D42C /* Start Packager */ = {
			isa = PBXShellScriptBuildPhase;
			buildActionMask = 2147483647;
			files = (
			);
			inputFileListPaths = (
			);
			inputPaths = (
			);
			name = "Start Packager";
			outputFileListPaths = (
			);
			outputPaths = (
			);
			runOnlyForDeploymentPostprocessing = 0;
			shellPath = /bin/sh;
			shellScript = "export RCT_METRO_PORT=\"${RCT_METRO_PORT:=8081}\"\necho \"export RCT_METRO_PORT=${RCT_METRO_PORT}\" > \"${SRCROOT}/../node_modules/react-native/scripts/.packager.env\"\nif [ -z \"${RCT_NO_LAUNCH_PACKAGER+xxx}\" ] ; then\n  if nc -w 5 -z localhost ${RCT_METRO_PORT} ; then\n    if ! curl -s \"http://localhost:${RCT_METRO_PORT}/status\" | grep -q \"packager-status:running\" ; then\n      echo \"Port ${RCT_METRO_PORT} already in use, packager is either not running or not running correctly\"\n      exit 2\n    fi\n  else\n    open \"$SRCROOT/../node_modules/react-native/scripts/launchPackager.command\" || echo \"Can't start packager automatically\"\n  fi\nfi\n";
			showEnvVarsInLog = 0;
		};
/* End PBXShellScriptBuildPhase section */

/* Begin PBXSourcesBuildPhase section */
		00E356EA1AD99517003FC87E /* Sources */ = {
			isa = PBXSourcesBuildPhase;
			buildActionMask = 2147483647;
			files = (
				00E356F31AD99517003FC87E /* madcampweek4Tests.m in Sources */,
			);
			runOnlyForDeploymentPostprocessing = 0;
		};
		13B07F871A680F5B00A75B9A /* Sources */ = {
			isa = PBXSourcesBuildPhase;
			buildActionMask = 2147483647;
			files = (
				13B07FBC1A68108700A75B9A /* AppDelegate.m in Sources */,
				13B07FC11A68108700A75B9A /* main.m in Sources */,
			);
			runOnlyForDeploymentPostprocessing = 0;
		};
/* End PBXSourcesBuildPhase section */

/* Begin PBXTargetDependency section */
		00E356F51AD99517003FC87E /* PBXTargetDependency */ = {
			isa = PBXTargetDependency;
			target = 13B07F861A680F5B00A75B9A /* madcampweek4 */;
			targetProxy = 00E356F41AD99517003FC87E /* PBXContainerItemProxy */;
		};
/* End PBXTargetDependency section */

/* Begin XCBuildConfiguration section */
		00E356F61AD99517003FC87E /* Debug */ = {
			isa = XCBuildConfiguration;
			baseConfigurationReference = 6C97AB639B58BBB4B15BBE30 /* Pods-madcampweek4-madcampweek4Tests.debug.xcconfig */;
			buildSettings = {
				BUNDLE_LOADER = "$(TEST_HOST)";
				GCC_PREPROCESSOR_DEFINITIONS = (
					"DEBUG=1",
					"$(inherited)",
				);
				INFOPLIST_FILE = madcampweek4Tests/Info.plist;
				IPHONEOS_DEPLOYMENT_TARGET = 11.0;
				LD_RUNPATH_SEARCH_PATHS = (
					"$(inherited)",
					"@executable_path/Frameworks",
					"@loader_path/Frameworks",
				);
				OTHER_LDFLAGS = (
					"-ObjC",
					"-lc++",
					"$(inherited)",
				);
				PRODUCT_BUNDLE_IDENTIFIER = "org.reactjs.native.example.$(PRODUCT_NAME:rfc1034identifier)";
				PRODUCT_NAME = "$(TARGET_NAME)";
				TEST_HOST = "$(BUILT_PRODUCTS_DIR)/madcampweek4.app/madcampweek4";
			};
			name = Debug;
		};
		00E356F71AD99517003FC87E /* Release */ = {
			isa = XCBuildConfiguration;
			baseConfigurationReference = 1D0AE47A65C8663E3B452821 /* Pods-madcampweek4-madcampweek4Tests.release.xcconfig */;
			buildSettings = {
				BUNDLE_LOADER = "$(TEST_HOST)";
				COPY_PHASE_STRIP = NO;
				INFOPLIST_FILE = madcampweek4Tests/Info.plist;
				IPHONEOS_DEPLOYMENT_TARGET = 11.0;
				LD_RUNPATH_SEARCH_PATHS = (
					"$(inherited)",
					"@executable_path/Frameworks",
					"@loader_path/Frameworks",
				);
				OTHER_LDFLAGS = (
					"-ObjC",
					"-lc++",
					"$(inherited)",
				);
				PRODUCT_BUNDLE_IDENTIFIER = "org.reactjs.native.example.$(PRODUCT_NAME:rfc1034identifier)";
				PRODUCT_NAME = "$(TARGET_NAME)";
				TEST_HOST = "$(BUILT_PRODUCTS_DIR)/madcampweek4.app/madcampweek4";
			};
			name = Release;
		};
		13B07F941A680F5B00A75B9A /* Debug */ = {
			isa = XCBuildConfiguration;
			baseConfigurationReference = C0A881CF5CF3F2B244570E2A /* Pods-madcampweek4.debug.xcconfig */;
			buildSettings = {
				ASSETCATALOG_COMPILER_APPICON_NAME = AppIcon;
				CLANG_ENABLE_MODULES = YES;
				CURRENT_PROJECT_VERSION = 1;
				ENABLE_BITCODE = NO;
				INFOPLIST_FILE = madcampweek4/Info.plist;
				LD_RUNPATH_SEARCH_PATHS = (
					"$(inherited)",
					"@executable_path/Frameworks",
				);
				OTHER_LDFLAGS = (
					"$(inherited)",
					"-ObjC",
					"-lc++",
				);
				PRODUCT_BUNDLE_IDENTIFIER = "org.reactjs.native.example.$(PRODUCT_NAME:rfc1034identifier)";
				PRODUCT_NAME = madcampweek4;
				SWIFT_OPTIMIZATION_LEVEL = "-Onone";
				SWIFT_VERSION = 5.0;
				VERSIONING_SYSTEM = "apple-generic";
			};
			name = Debug;
		};
		13B07F951A680F5B00A75B9A /* Release */ = {
			isa = XCBuildConfiguration;
			baseConfigurationReference = D00AAFFCFCFDA5787532823F /* Pods-madcampweek4.release.xcconfig */;
			buildSettings = {
				ASSETCATALOG_COMPILER_APPICON_NAME = AppIcon;
				CLANG_ENABLE_MODULES = YES;
				CURRENT_PROJECT_VERSION = 1;
				INFOPLIST_FILE = madcampweek4/Info.plist;
				LD_RUNPATH_SEARCH_PATHS = (
					"$(inherited)",
					"@executable_path/Frameworks",
				);
				OTHER_LDFLAGS = (
					"$(inherited)",
					"-ObjC",
					"-lc++",
				);
				PRODUCT_BUNDLE_IDENTIFIER = "org.reactjs.native.example.$(PRODUCT_NAME:rfc1034identifier)";
				PRODUCT_NAME = madcampweek4;
				SWIFT_VERSION = 5.0;
				VERSIONING_SYSTEM = "apple-generic";
			};
			name = Release;
		};
		83CBBA201A601CBA00E9B192 /* Debug */ = {
			isa = XCBuildConfiguration;
			buildSettings = {
				ALWAYS_SEARCH_USER_PATHS = NO;
				CLANG_ANALYZER_LOCALIZABILITY_NONLOCALIZED = YES;
				CLANG_CXX_LANGUAGE_STANDARD = "gnu++0x";
				CLANG_CXX_LIBRARY = "libc++";
				CLANG_ENABLE_MODULES = YES;
				CLANG_ENABLE_OBJC_ARC = YES;
				CLANG_WARN_BLOCK_CAPTURE_AUTORELEASING = YES;
				CLANG_WARN_BOOL_CONVERSION = YES;
				CLANG_WARN_COMMA = YES;
				CLANG_WARN_CONSTANT_CONVERSION = YES;
				CLANG_WARN_DEPRECATED_OBJC_IMPLEMENTATIONS = YES;
				CLANG_WARN_DIRECT_OBJC_ISA_USAGE = YES_ERROR;
				CLANG_WARN_EMPTY_BODY = YES;
				CLANG_WARN_ENUM_CONVERSION = YES;
				CLANG_WARN_INFINITE_RECURSION = YES;
				CLANG_WARN_INT_CONVERSION = YES;
				CLANG_WARN_NON_LITERAL_NULL_CONVERSION = YES;
				CLANG_WARN_OBJC_IMPLICIT_RETAIN_SELF = YES;
				CLANG_WARN_OBJC_LITERAL_CONVERSION = YES;
				CLANG_WARN_OBJC_ROOT_CLASS = YES_ERROR;
				CLANG_WARN_QUOTED_INCLUDE_IN_FRAMEWORK_HEADER = YES;
				CLANG_WARN_RANGE_LOOP_ANALYSIS = YES;
				CLANG_WARN_STRICT_PROTOTYPES = YES;
				CLANG_WARN_SUSPICIOUS_MOVE = YES;
				CLANG_WARN_UNREACHABLE_CODE = YES;
				CLANG_WARN__DUPLICATE_METHOD_MATCH = YES;
				"CODE_SIGN_IDENTITY[sdk=iphoneos*]" = "iPhone Developer";
				COPY_PHASE_STRIP = NO;
				ENABLE_STRICT_OBJC_MSGSEND = YES;
				ENABLE_TESTABILITY = YES;
				"EXCLUDED_ARCHS[sdk=iphonesimulator*]" = "";
				GCC_C_LANGUAGE_STANDARD = gnu99;
				GCC_DYNAMIC_NO_PIC = NO;
				GCC_NO_COMMON_BLOCKS = YES;
				GCC_OPTIMIZATION_LEVEL = 0;
				GCC_PREPROCESSOR_DEFINITIONS = (
					"DEBUG=1",
					"$(inherited)",
				);
				GCC_SYMBOLS_PRIVATE_EXTERN = NO;
				GCC_WARN_64_TO_32_BIT_CONVERSION = YES;
				GCC_WARN_ABOUT_RETURN_TYPE = YES_ERROR;
				GCC_WARN_UNDECLARED_SELECTOR = YES;
				GCC_WARN_UNINITIALIZED_AUTOS = YES_AGGRESSIVE;
				GCC_WARN_UNUSED_FUNCTION = YES;
				GCC_WARN_UNUSED_VARIABLE = YES;
				IPHONEOS_DEPLOYMENT_TARGET = 11.0;
				LD_RUNPATH_SEARCH_PATHS = (
					/usr/lib/swift,
					"$(inherited)",
				);
				LIBRARY_SEARCH_PATHS = (
					"\"$(SDKROOT)/usr/lib/swift\"",
					"\"$(TOOLCHAIN_DIR)/usr/lib/swift/$(PLATFORM_NAME)\"",
					"\"$(TOOLCHAIN_DIR)/usr/lib/swift-5.0/$(PLATFORM_NAME)\"",
					"\"$(inherited)\"",
				);
				MTL_ENABLE_DEBUG_INFO = YES;
				ONLY_ACTIVE_ARCH = YES;
				SDKROOT = iphoneos;
			};
			name = Debug;
		};
		83CBBA211A601CBA00E9B192 /* Release */ = {
			isa = XCBuildConfiguration;
			buildSettings = {
				ALWAYS_SEARCH_USER_PATHS = NO;
				CLANG_ANALYZER_LOCALIZABILITY_NONLOCALIZED = YES;
				CLANG_CXX_LANGUAGE_STANDARD = "gnu++0x";
				CLANG_CXX_LIBRARY = "libc++";
				CLANG_ENABLE_MODULES = YES;
				CLANG_ENABLE_OBJC_ARC = YES;
				CLANG_WARN_BLOCK_CAPTURE_AUTORELEASING = YES;
				CLANG_WARN_BOOL_CONVERSION = YES;
				CLANG_WARN_COMMA = YES;
				CLANG_WARN_CONSTANT_CONVERSION = YES;
				CLANG_WARN_DEPRECATED_OBJC_IMPLEMENTATIONS = YES;
				CLANG_WARN_DIRECT_OBJC_ISA_USAGE = YES_ERROR;
				CLANG_WARN_EMPTY_BODY = YES;
				CLANG_WARN_ENUM_CONVERSION = YES;
				CLANG_WARN_INFINITE_RECURSION = YES;
				CLANG_WARN_INT_CONVERSION = YES;
				CLANG_WARN_NON_LITERAL_NULL_CONVERSION = YES;
				CLANG_WARN_OBJC_IMPLICIT_RETAIN_SELF = YES;
				CLANG_WARN_OBJC_LITERAL_CONVERSION = YES;
				CLANG_WARN_OBJC_ROOT_CLASS = YES_ERROR;
				CLANG_WARN_QUOTED_INCLUDE_IN_FRAMEWORK_HEADER = YES;
				CLANG_WARN_RANGE_LOOP_ANALYSIS = YES;
				CLANG_WARN_STRICT_PROTOTYPES = YES;
				CLANG_WARN_SUSPICIOUS_MOVE = YES;
				CLANG_WARN_UNREACHABLE_CODE = YES;
				CLANG_WARN__DUPLICATE_METHOD_MATCH = YES;
				"CODE_SIGN_IDENTITY[sdk=iphoneos*]" = "iPhone Developer";
				COPY_PHASE_STRIP = YES;
				ENABLE_NS_ASSERTIONS = NO;
				ENABLE_STRICT_OBJC_MSGSEND = YES;
				"EXCLUDED_ARCHS[sdk=iphonesimulator*]" = "";
				GCC_C_LANGUAGE_STANDARD = gnu99;
				GCC_NO_COMMON_BLOCKS = YES;
				GCC_WARN_64_TO_32_BIT_CONVERSION = YES;
				GCC_WARN_ABOUT_RETURN_TYPE = YES_ERROR;
				GCC_WARN_UNDECLARED_SELECTOR = YES;
				GCC_WARN_UNINITIALIZED_AUTOS = YES_AGGRESSIVE;
				GCC_WARN_UNUSED_FUNCTION = YES;
				GCC_WARN_UNUSED_VARIABLE = YES;
				IPHONEOS_DEPLOYMENT_TARGET = 11.0;
				LD_RUNPATH_SEARCH_PATHS = (
					/usr/lib/swift,
					"$(inherited)",
				);
				LIBRARY_SEARCH_PATHS = (
					"\"$(SDKROOT)/usr/lib/swift\"",
					"\"$(TOOLCHAIN_DIR)/usr/lib/swift/$(PLATFORM_NAME)\"",
					"\"$(TOOLCHAIN_DIR)/usr/lib/swift-5.0/$(PLATFORM_NAME)\"",
					"\"$(inherited)\"",
				);
				MTL_ENABLE_DEBUG_INFO = NO;
				SDKROOT = iphoneos;
				VALIDATE_PRODUCT = YES;
			};
			name = Release;
		};
/* End XCBuildConfiguration section */

/* Begin XCConfigurationList section */
		00E357021AD99517003FC87E /* Build configuration list for PBXNativeTarget "madcampweek4Tests" */ = {
			isa = XCConfigurationList;
			buildConfigurations = (
				00E356F61AD99517003FC87E /* Debug */,
				00E356F71AD99517003FC87E /* Release */,
			);
			defaultConfigurationIsVisible = 0;
			defaultConfigurationName = Release;
		};
		13B07F931A680F5B00A75B9A /* Build configuration list for PBXNativeTarget "madcampweek4" */ = {
			isa = XCConfigurationList;
			buildConfigurations = (
				13B07F941A680F5B00A75B9A /* Debug */,
				13B07F951A680F5B00A75B9A /* Release */,
			);
			defaultConfigurationIsVisible = 0;
			defaultConfigurationName = Release;
		};
		83CBB9FA1A601CBA00E9B192 /* Build configuration list for PBXProject "madcampweek4" */ = {
			isa = XCConfigurationList;
			buildConfigurations = (
				83CBBA201A601CBA00E9B192 /* Debug */,
				83CBBA211A601CBA00E9B192 /* Release */,
			);
			defaultConfigurationIsVisible = 0;
			defaultConfigurationName = Release;
		};
/* End XCConfigurationList section */
	};
	rootObject = 83CBB9F71A601CBA00E9B192 /* Project object */;
}
